
Microsoft Visual Studio Solution File, Format Version 11.00
# Visual Studio 2010
Project("{8BC9CEB8-8B4A-11D0-8D11-00A0C91BC942}") = "uva439~", "uva439~\uva439~.vcxproj", "{6D81F216-6382-45CB-8F79-9BB4A6EEB633}"
EndProject
Global
	GlobalSection(SolutionConfigurationPlatforms) = preSolution
		Debug|Win32 = Debug|Win32
		Release|Win32 = Release|Win32
	EndGlobalSection
	GlobalSection(ProjectConfigurationPlatforms) = postSolution
		{6D81F216-6382-45CB-8F79-9BB4A6EEB633}.Debug|Win32.ActiveCfg = Debug|Win32
		{6D81F216-6382-45CB-8F79-9BB4A6EEB633}.Debug|Win32.Build.0 = Debug|Win32
		{6D81F216-6382-45CB-8F79-9BB4A6EEB633}.Release|Win32.ActiveCfg = Release|Win32
		{6D81F216-6382-45CB-8F79-9BB4A6EEB633}.Release|Win32.Build.0 = Release|Win32
	EndGlobalSection
	GlobalSection(SolutionProperties) = preSolution
		HideSolutionNode = FALSE
	EndGlobalSection
EndGlobal
