
Microsoft Visual Studio Solution File, Format Version 11.00
# Visual Studio 2010
Project("{8BC9CEB8-8B4A-11D0-8D11-00A0C91BC942}") = "leetcode217", "leetcode217\leetcode217.vcxproj", "{A4745A1B-1C34-4A10-A73B-1CC184E1675B}"
EndProject
Global
	GlobalSection(SolutionConfigurationPlatforms) = preSolution
		Debug|Win32 = Debug|Win32
		Release|Win32 = Release|Win32
	EndGlobalSection
	GlobalSection(ProjectConfigurationPlatforms) = postSolution
		{A4745A1B-1C34-4A10-A73B-1CC184E1675B}.Debug|Win32.ActiveCfg = Debug|Win32
		{A4745A1B-1C34-4A10-A73B-1CC184E1675B}.Debug|Win32.Build.0 = Debug|Win32
		{A4745A1B-1C34-4A10-A73B-1CC184E1675B}.Release|Win32.ActiveCfg = Release|Win32
		{A4745A1B-1C34-4A10-A73B-1CC184E1675B}.Release|Win32.Build.0 = Release|Win32
	EndGlobalSection
	GlobalSection(SolutionProperties) = preSolution
		HideSolutionNode = FALSE
	EndGlobalSection
EndGlobal
