
Microsoft Visual Studio Solution File, Format Version 11.00
# Visual Studio 2010
Project("{8BC9CEB8-8B4A-11D0-8D11-00A0C91BC942}") = "Hiho_week28", "Hiho_week28\Hiho_week28.vcxproj", "{720D8643-D3E3-4A41-8E41-E3B0B2E780AB}"
EndProject
Global
	GlobalSection(SolutionConfigurationPlatforms) = preSolution
		Debug|Win32 = Debug|Win32
		Release|Win32 = Release|Win32
	EndGlobalSection
	GlobalSection(ProjectConfigurationPlatforms) = postSolution
		{720D8643-D3E3-4A41-8E41-E3B0B2E780AB}.Debug|Win32.ActiveCfg = Debug|Win32
		{720D8643-D3E3-4A41-8E41-E3B0B2E780AB}.Debug|Win32.Build.0 = Debug|Win32
		{720D8643-D3E3-4A41-8E41-E3B0B2E780AB}.Release|Win32.ActiveCfg = Release|Win32
		{720D8643-D3E3-4A41-8E41-E3B0B2E780AB}.Release|Win32.Build.0 = Release|Win32
	EndGlobalSection
	GlobalSection(SolutionProperties) = preSolution
		HideSolutionNode = FALSE
	EndGlobalSection
EndGlobal
