
Microsoft Visual Studio Solution File, Format Version 11.00
# Visual Studio 2010
Project("{8BC9CEB8-8B4A-11D0-8D11-00A0C91BC942}") = "union_find_set", "union_find_set\union_find_set.vcxproj", "{ADD5F10B-7435-4523-9CE8-2A9BD2C4728A}"
EndProject
Global
	GlobalSection(SolutionConfigurationPlatforms) = preSolution
		Debug|Win32 = Debug|Win32
		Release|Win32 = Release|Win32
	EndGlobalSection
	GlobalSection(ProjectConfigurationPlatforms) = postSolution
		{ADD5F10B-7435-4523-9CE8-2A9BD2C4728A}.Debug|Win32.ActiveCfg = Debug|Win32
		{ADD5F10B-7435-4523-9CE8-2A9BD2C4728A}.Debug|Win32.Build.0 = Debug|Win32
		{ADD5F10B-7435-4523-9CE8-2A9BD2C4728A}.Release|Win32.ActiveCfg = Release|Win32
		{ADD5F10B-7435-4523-9CE8-2A9BD2C4728A}.Release|Win32.Build.0 = Release|Win32
	EndGlobalSection
	GlobalSection(SolutionProperties) = preSolution
		HideSolutionNode = FALSE
	EndGlobalSection
EndGlobal
