
Microsoft Visual Studio Solution File, Format Version 11.00
# Visual Studio 2010
Project("{8BC9CEB8-8B4A-11D0-8D11-00A0C91BC942}") = "pat_A_1019", "pat_A_1019\pat_A_1019.vcxproj", "{FEC0A298-A093-4D01-8124-3C8BEA4A726A}"
EndProject
Global
	GlobalSection(SolutionConfigurationPlatforms) = preSolution
		Debug|Win32 = Debug|Win32
		Release|Win32 = Release|Win32
	EndGlobalSection
	GlobalSection(ProjectConfigurationPlatforms) = postSolution
		{FEC0A298-A093-4D01-8124-3C8BEA4A726A}.Debug|Win32.ActiveCfg = Debug|Win32
		{FEC0A298-A093-4D01-8124-3C8BEA4A726A}.Debug|Win32.Build.0 = Debug|Win32
		{FEC0A298-A093-4D01-8124-3C8BEA4A726A}.Release|Win32.ActiveCfg = Release|Win32
		{FEC0A298-A093-4D01-8124-3C8BEA4A726A}.Release|Win32.Build.0 = Release|Win32
	EndGlobalSection
	GlobalSection(SolutionProperties) = preSolution
		HideSolutionNode = FALSE
	EndGlobalSection
EndGlobal
