
Microsoft Visual Studio Solution File, Format Version 11.00
# Visual Studio 2010
Project("{8BC9CEB8-8B4A-11D0-8D11-00A0C91BC942}") = "pat_A_1082", "pat_A_1082\pat_A_1082.vcxproj", "{0D0B1F50-D016-4649-A069-1C235DD69F57}"
EndProject
Global
	GlobalSection(SolutionConfigurationPlatforms) = preSolution
		Debug|Win32 = Debug|Win32
		Release|Win32 = Release|Win32
	EndGlobalSection
	GlobalSection(ProjectConfigurationPlatforms) = postSolution
		{0D0B1F50-D016-4649-A069-1C235DD69F57}.Debug|Win32.ActiveCfg = Debug|Win32
		{0D0B1F50-D016-4649-A069-1C235DD69F57}.Debug|Win32.Build.0 = Debug|Win32
		{0D0B1F50-D016-4649-A069-1C235DD69F57}.Release|Win32.ActiveCfg = Release|Win32
		{0D0B1F50-D016-4649-A069-1C235DD69F57}.Release|Win32.Build.0 = Release|Win32
	EndGlobalSection
	GlobalSection(SolutionProperties) = preSolution
		HideSolutionNode = FALSE
	EndGlobalSection
EndGlobal
