
Microsoft Visual Studio Solution File, Format Version 11.00
# Visual Studio 2010
Project("{8BC9CEB8-8B4A-11D0-8D11-00A0C91BC942}") = "pat_A_1030", "pat_A_1030\pat_A_1030.vcxproj", "{26B3E38E-5ED8-4A48-9414-1345B93221C5}"
EndProject
Global
	GlobalSection(SolutionConfigurationPlatforms) = preSolution
		Debug|Win32 = Debug|Win32
		Release|Win32 = Release|Win32
	EndGlobalSection
	GlobalSection(ProjectConfigurationPlatforms) = postSolution
		{26B3E38E-5ED8-4A48-9414-1345B93221C5}.Debug|Win32.ActiveCfg = Debug|Win32
		{26B3E38E-5ED8-4A48-9414-1345B93221C5}.Debug|Win32.Build.0 = Debug|Win32
		{26B3E38E-5ED8-4A48-9414-1345B93221C5}.Release|Win32.ActiveCfg = Release|Win32
		{26B3E38E-5ED8-4A48-9414-1345B93221C5}.Release|Win32.Build.0 = Release|Win32
	EndGlobalSection
	GlobalSection(SolutionProperties) = preSolution
		HideSolutionNode = FALSE
	EndGlobalSection
EndGlobal
