
Microsoft Visual Studio Solution File, Format Version 11.00
# Visual Studio 2010
Project("{8BC9CEB8-8B4A-11D0-8D11-00A0C91BC942}") = "leetcode24", "leetcode24\leetcode24.vcxproj", "{311F2D1C-7936-4B3D-9B90-71A98A38C057}"
EndProject
Global
	GlobalSection(SolutionConfigurationPlatforms) = preSolution
		Debug|Win32 = Debug|Win32
		Release|Win32 = Release|Win32
	EndGlobalSection
	GlobalSection(ProjectConfigurationPlatforms) = postSolution
		{311F2D1C-7936-4B3D-9B90-71A98A38C057}.Debug|Win32.ActiveCfg = Debug|Win32
		{311F2D1C-7936-4B3D-9B90-71A98A38C057}.Debug|Win32.Build.0 = Debug|Win32
		{311F2D1C-7936-4B3D-9B90-71A98A38C057}.Release|Win32.ActiveCfg = Release|Win32
		{311F2D1C-7936-4B3D-9B90-71A98A38C057}.Release|Win32.Build.0 = Release|Win32
	EndGlobalSection
	GlobalSection(SolutionProperties) = preSolution
		HideSolutionNode = FALSE
	EndGlobalSection
EndGlobal
