
Microsoft Visual Studio Solution File, Format Version 11.00
# Visual Studio 2010
Project("{8BC9CEB8-8B4A-11D0-8D11-00A0C91BC942}") = "pat_A_1041", "pat_A_1041\pat_A_1041.vcxproj", "{B397EB18-5C1E-4A05-8BFE-6D7076D07A7F}"
EndProject
Global
	GlobalSection(SolutionConfigurationPlatforms) = preSolution
		Debug|Win32 = Debug|Win32
		Release|Win32 = Release|Win32
	EndGlobalSection
	GlobalSection(ProjectConfigurationPlatforms) = postSolution
		{B397EB18-5C1E-4A05-8BFE-6D7076D07A7F}.Debug|Win32.ActiveCfg = Debug|Win32
		{B397EB18-5C1E-4A05-8BFE-6D7076D07A7F}.Debug|Win32.Build.0 = Debug|Win32
		{B397EB18-5C1E-4A05-8BFE-6D7076D07A7F}.Release|Win32.ActiveCfg = Release|Win32
		{B397EB18-5C1E-4A05-8BFE-6D7076D07A7F}.Release|Win32.Build.0 = Release|Win32
	EndGlobalSection
	GlobalSection(SolutionProperties) = preSolution
		HideSolutionNode = FALSE
	EndGlobalSection
EndGlobal
