
Microsoft Visual Studio Solution File, Format Version 11.00
# Visual Studio 2010
Project("{8BC9CEB8-8B4A-11D0-8D11-00A0C91BC942}") = "ucloud_final_2", "ucloud_final_2\ucloud_final_2.vcxproj", "{C1CC31F3-13B4-4481-8010-43A8E802EB6B}"
EndProject
Global
	GlobalSection(SolutionConfigurationPlatforms) = preSolution
		Debug|Win32 = Debug|Win32
		Release|Win32 = Release|Win32
	EndGlobalSection
	GlobalSection(ProjectConfigurationPlatforms) = postSolution
		{C1CC31F3-13B4-4481-8010-43A8E802EB6B}.Debug|Win32.ActiveCfg = Debug|Win32
		{C1CC31F3-13B4-4481-8010-43A8E802EB6B}.Debug|Win32.Build.0 = Debug|Win32
		{C1CC31F3-13B4-4481-8010-43A8E802EB6B}.Release|Win32.ActiveCfg = Release|Win32
		{C1CC31F3-13B4-4481-8010-43A8E802EB6B}.Release|Win32.Build.0 = Release|Win32
	EndGlobalSection
	GlobalSection(SolutionProperties) = preSolution
		HideSolutionNode = FALSE
	EndGlobalSection
EndGlobal
