
Microsoft Visual Studio Solution File, Format Version 11.00
# Visual Studio 2010
Project("{8BC9CEB8-8B4A-11D0-8D11-00A0C91BC942}") = "expression~", "expression~\expression~.vcxproj", "{EB614ED6-1F92-4BF6-A7BE-461DF64F7A2E}"
EndProject
Global
	GlobalSection(SolutionConfigurationPlatforms) = preSolution
		Debug|Win32 = Debug|Win32
		Release|Win32 = Release|Win32
	EndGlobalSection
	GlobalSection(ProjectConfigurationPlatforms) = postSolution
		{EB614ED6-1F92-4BF6-A7BE-461DF64F7A2E}.Debug|Win32.ActiveCfg = Debug|Win32
		{EB614ED6-1F92-4BF6-A7BE-461DF64F7A2E}.Debug|Win32.Build.0 = Debug|Win32
		{EB614ED6-1F92-4BF6-A7BE-461DF64F7A2E}.Release|Win32.ActiveCfg = Release|Win32
		{EB614ED6-1F92-4BF6-A7BE-461DF64F7A2E}.Release|Win32.Build.0 = Release|Win32
	EndGlobalSection
	GlobalSection(SolutionProperties) = preSolution
		HideSolutionNode = FALSE
	EndGlobalSection
EndGlobal
