
Microsoft Visual Studio Solution File, Format Version 11.00
# Visual Studio 2010
Project("{8BC9CEB8-8B4A-11D0-8D11-00A0C91BC942}") = "leetcode234", "leetcode234\leetcode234.vcxproj", "{1CA72632-7947-4FB6-ACA0-EC5981F55CF2}"
EndProject
Global
	GlobalSection(SolutionConfigurationPlatforms) = preSolution
		Debug|Win32 = Debug|Win32
		Release|Win32 = Release|Win32
	EndGlobalSection
	GlobalSection(ProjectConfigurationPlatforms) = postSolution
		{1CA72632-7947-4FB6-ACA0-EC5981F55CF2}.Debug|Win32.ActiveCfg = Debug|Win32
		{1CA72632-7947-4FB6-ACA0-EC5981F55CF2}.Debug|Win32.Build.0 = Debug|Win32
		{1CA72632-7947-4FB6-ACA0-EC5981F55CF2}.Release|Win32.ActiveCfg = Release|Win32
		{1CA72632-7947-4FB6-ACA0-EC5981F55CF2}.Release|Win32.Build.0 = Release|Win32
	EndGlobalSection
	GlobalSection(SolutionProperties) = preSolution
		HideSolutionNode = FALSE
	EndGlobalSection
EndGlobal
