
Microsoft Visual Studio Solution File, Format Version 11.00
# Visual Studio 2010
Project("{8BC9CEB8-8B4A-11D0-8D11-00A0C91BC942}") = "leetcode238", "leetcode238\leetcode238.vcxproj", "{26A7AD04-B900-4966-9CA8-E83A412E8786}"
EndProject
Global
	GlobalSection(SolutionConfigurationPlatforms) = preSolution
		Debug|Win32 = Debug|Win32
		Release|Win32 = Release|Win32
	EndGlobalSection
	GlobalSection(ProjectConfigurationPlatforms) = postSolution
		{26A7AD04-B900-4966-9CA8-E83A412E8786}.Debug|Win32.ActiveCfg = Debug|Win32
		{26A7AD04-B900-4966-9CA8-E83A412E8786}.Debug|Win32.Build.0 = Debug|Win32
		{26A7AD04-B900-4966-9CA8-E83A412E8786}.Release|Win32.ActiveCfg = Release|Win32
		{26A7AD04-B900-4966-9CA8-E83A412E8786}.Release|Win32.Build.0 = Release|Win32
	EndGlobalSection
	GlobalSection(SolutionProperties) = preSolution
		HideSolutionNode = FALSE
	EndGlobalSection
EndGlobal
