
Microsoft Visual Studio Solution File, Format Version 11.00
# Visual Studio 2010
Project("{8BC9CEB8-8B4A-11D0-8D11-00A0C91BC942}") = "pat_A_1044", "pat_A_1044\pat_A_1044.vcxproj", "{620F13B9-76A2-4B3A-AC64-09F6E200AA86}"
EndProject
Global
	GlobalSection(SolutionConfigurationPlatforms) = preSolution
		Debug|Win32 = Debug|Win32
		Release|Win32 = Release|Win32
	EndGlobalSection
	GlobalSection(ProjectConfigurationPlatforms) = postSolution
		{620F13B9-76A2-4B3A-AC64-09F6E200AA86}.Debug|Win32.ActiveCfg = Debug|Win32
		{620F13B9-76A2-4B3A-AC64-09F6E200AA86}.Debug|Win32.Build.0 = Debug|Win32
		{620F13B9-76A2-4B3A-AC64-09F6E200AA86}.Release|Win32.ActiveCfg = Release|Win32
		{620F13B9-76A2-4B3A-AC64-09F6E200AA86}.Release|Win32.Build.0 = Release|Win32
	EndGlobalSection
	GlobalSection(SolutionProperties) = preSolution
		HideSolutionNode = FALSE
	EndGlobalSection
EndGlobal
