
Microsoft Visual Studio Solution File, Format Version 11.00
# Visual Studio 2010
Project("{8BC9CEB8-8B4A-11D0-8D11-00A0C91BC942}") = "sift_matching", "sift_matching\sift_matching.vcxproj", "{EC3F932C-D848-4D99-8729-9D3BA93E87B5}"
EndProject
Global
	GlobalSection(SolutionConfigurationPlatforms) = preSolution
		Debug|Win32 = Debug|Win32
		Release|Win32 = Release|Win32
	EndGlobalSection
	GlobalSection(ProjectConfigurationPlatforms) = postSolution
		{EC3F932C-D848-4D99-8729-9D3BA93E87B5}.Debug|Win32.ActiveCfg = Debug|Win32
		{EC3F932C-D848-4D99-8729-9D3BA93E87B5}.Debug|Win32.Build.0 = Debug|Win32
		{EC3F932C-D848-4D99-8729-9D3BA93E87B5}.Release|Win32.ActiveCfg = Release|Win32
		{EC3F932C-D848-4D99-8729-9D3BA93E87B5}.Release|Win32.Build.0 = Release|Win32
	EndGlobalSection
	GlobalSection(SolutionProperties) = preSolution
		HideSolutionNode = FALSE
	EndGlobalSection
EndGlobal
