
Microsoft Visual Studio Solution File, Format Version 11.00
# Visual Studio 2010
Project("{8BC9CEB8-8B4A-11D0-8D11-00A0C91BC942}") = "uva442", "uva442\uva442.vcxproj", "{8E422C11-EA2E-447D-810F-6E28D59E270B}"
EndProject
Global
	GlobalSection(SolutionConfigurationPlatforms) = preSolution
		Debug|Win32 = Debug|Win32
		Release|Win32 = Release|Win32
	EndGlobalSection
	GlobalSection(ProjectConfigurationPlatforms) = postSolution
		{8E422C11-EA2E-447D-810F-6E28D59E270B}.Debug|Win32.ActiveCfg = Debug|Win32
		{8E422C11-EA2E-447D-810F-6E28D59E270B}.Debug|Win32.Build.0 = Debug|Win32
		{8E422C11-EA2E-447D-810F-6E28D59E270B}.Release|Win32.ActiveCfg = Release|Win32
		{8E422C11-EA2E-447D-810F-6E28D59E270B}.Release|Win32.Build.0 = Release|Win32
	EndGlobalSection
	GlobalSection(SolutionProperties) = preSolution
		HideSolutionNode = FALSE
	EndGlobalSection
EndGlobal
