
Microsoft Visual Studio Solution File, Format Version 11.00
# Visual Studio 2010
Project("{8BC9CEB8-8B4A-11D0-8D11-00A0C91BC942}") = "pat-a-101-125-1-C", "pat-a-101-125-1-C\pat-a-101-125-1-C.vcxproj", "{790B5CCA-4317-4739-B985-0C5A4F983D90}"
EndProject
Global
	GlobalSection(SolutionConfigurationPlatforms) = preSolution
		Debug|Win32 = Debug|Win32
		Release|Win32 = Release|Win32
	EndGlobalSection
	GlobalSection(ProjectConfigurationPlatforms) = postSolution
		{790B5CCA-4317-4739-B985-0C5A4F983D90}.Debug|Win32.ActiveCfg = Debug|Win32
		{790B5CCA-4317-4739-B985-0C5A4F983D90}.Debug|Win32.Build.0 = Debug|Win32
		{790B5CCA-4317-4739-B985-0C5A4F983D90}.Release|Win32.ActiveCfg = Release|Win32
		{790B5CCA-4317-4739-B985-0C5A4F983D90}.Release|Win32.Build.0 = Release|Win32
	EndGlobalSection
	GlobalSection(SolutionProperties) = preSolution
		HideSolutionNode = FALSE
	EndGlobalSection
EndGlobal
