
Microsoft Visual Studio Solution File, Format Version 11.00
# Visual Studio 2010
Project("{8BC9CEB8-8B4A-11D0-8D11-00A0C91BC942}") = "uva12657", "uva12657\uva12657.vcxproj", "{F85515A1-B848-4610-8876-DF8134E6B715}"
EndProject
Global
	GlobalSection(SolutionConfigurationPlatforms) = preSolution
		Debug|Win32 = Debug|Win32
		Release|Win32 = Release|Win32
	EndGlobalSection
	GlobalSection(ProjectConfigurationPlatforms) = postSolution
		{F85515A1-B848-4610-8876-DF8134E6B715}.Debug|Win32.ActiveCfg = Debug|Win32
		{F85515A1-B848-4610-8876-DF8134E6B715}.Debug|Win32.Build.0 = Debug|Win32
		{F85515A1-B848-4610-8876-DF8134E6B715}.Release|Win32.ActiveCfg = Release|Win32
		{F85515A1-B848-4610-8876-DF8134E6B715}.Release|Win32.Build.0 = Release|Win32
	EndGlobalSection
	GlobalSection(SolutionProperties) = preSolution
		HideSolutionNode = FALSE
	EndGlobalSection
EndGlobal
