
Microsoft Visual Studio Solution File, Format Version 11.00
# Visual Studio 2010
Project("{8BC9CEB8-8B4A-11D0-8D11-00A0C91BC942}") = "sunday", "sunday\sunday.vcxproj", "{85DD6E58-32E5-433A-A95B-0E0482014227}"
EndProject
Global
	GlobalSection(SolutionConfigurationPlatforms) = preSolution
		Debug|Win32 = Debug|Win32
		Release|Win32 = Release|Win32
	EndGlobalSection
	GlobalSection(ProjectConfigurationPlatforms) = postSolution
		{85DD6E58-32E5-433A-A95B-0E0482014227}.Debug|Win32.ActiveCfg = Debug|Win32
		{85DD6E58-32E5-433A-A95B-0E0482014227}.Debug|Win32.Build.0 = Debug|Win32
		{85DD6E58-32E5-433A-A95B-0E0482014227}.Release|Win32.ActiveCfg = Release|Win32
		{85DD6E58-32E5-433A-A95B-0E0482014227}.Release|Win32.Build.0 = Release|Win32
	EndGlobalSection
	GlobalSection(SolutionProperties) = preSolution
		HideSolutionNode = FALSE
	EndGlobalSection
EndGlobal
