
Microsoft Visual Studio Solution File, Format Version 11.00
# Visual Studio 2010
Project("{8BC9CEB8-8B4A-11D0-8D11-00A0C91BC942}") = "uva1594", "uva1594\uva1594.vcxproj", "{B575644F-30E0-4BE9-93C2-A45B11775A95}"
EndProject
Global
	GlobalSection(SolutionConfigurationPlatforms) = preSolution
		Debug|Win32 = Debug|Win32
		Release|Win32 = Release|Win32
	EndGlobalSection
	GlobalSection(ProjectConfigurationPlatforms) = postSolution
		{B575644F-30E0-4BE9-93C2-A45B11775A95}.Debug|Win32.ActiveCfg = Debug|Win32
		{B575644F-30E0-4BE9-93C2-A45B11775A95}.Debug|Win32.Build.0 = Debug|Win32
		{B575644F-30E0-4BE9-93C2-A45B11775A95}.Release|Win32.ActiveCfg = Release|Win32
		{B575644F-30E0-4BE9-93C2-A45B11775A95}.Release|Win32.Build.0 = Release|Win32
	EndGlobalSection
	GlobalSection(SolutionProperties) = preSolution
		HideSolutionNode = FALSE
	EndGlobalSection
EndGlobal
