
Microsoft Visual Studio Solution File, Format Version 11.00
# Visual Studio 2010
Project("{8BC9CEB8-8B4A-11D0-8D11-00A0C91BC942}") = "poj2728", "poj2728\poj2728.vcxproj", "{21C5A14A-215A-4F63-9B6B-6FF23A1F45F0}"
EndProject
Global
	GlobalSection(SolutionConfigurationPlatforms) = preSolution
		Debug|Win32 = Debug|Win32
		Release|Win32 = Release|Win32
	EndGlobalSection
	GlobalSection(ProjectConfigurationPlatforms) = postSolution
		{21C5A14A-215A-4F63-9B6B-6FF23A1F45F0}.Debug|Win32.ActiveCfg = Debug|Win32
		{21C5A14A-215A-4F63-9B6B-6FF23A1F45F0}.Debug|Win32.Build.0 = Debug|Win32
		{21C5A14A-215A-4F63-9B6B-6FF23A1F45F0}.Release|Win32.ActiveCfg = Release|Win32
		{21C5A14A-215A-4F63-9B6B-6FF23A1F45F0}.Release|Win32.Build.0 = Release|Win32
	EndGlobalSection
	GlobalSection(SolutionProperties) = preSolution
		HideSolutionNode = FALSE
	EndGlobalSection
EndGlobal
