
Microsoft Visual Studio Solution File, Format Version 11.00
# Visual Studio 2010
Project("{8BC9CEB8-8B4A-11D0-8D11-00A0C91BC942}") = "leetcode79", "leetcode79\leetcode79.vcxproj", "{E0E13787-4343-4A6C-9E0B-7421C82DE0A1}"
EndProject
Global
	GlobalSection(SolutionConfigurationPlatforms) = preSolution
		Debug|Win32 = Debug|Win32
		Release|Win32 = Release|Win32
	EndGlobalSection
	GlobalSection(ProjectConfigurationPlatforms) = postSolution
		{E0E13787-4343-4A6C-9E0B-7421C82DE0A1}.Debug|Win32.ActiveCfg = Debug|Win32
		{E0E13787-4343-4A6C-9E0B-7421C82DE0A1}.Debug|Win32.Build.0 = Debug|Win32
		{E0E13787-4343-4A6C-9E0B-7421C82DE0A1}.Release|Win32.ActiveCfg = Release|Win32
		{E0E13787-4343-4A6C-9E0B-7421C82DE0A1}.Release|Win32.Build.0 = Release|Win32
	EndGlobalSection
	GlobalSection(SolutionProperties) = preSolution
		HideSolutionNode = FALSE
	EndGlobalSection
EndGlobal
